// !$*UTF8*$!
{
	archiveVersion = 1;
	classes = {
	};
	objectVersion = 55;
	objects = {

/* Begin PBXBuildFile section */
		F24337A527CC4DF1005E72A5 /* AppDelegate.swift in Sources */ = {isa = PBXBuildFile; fileRef = F24337A427CC4DF1005E72A5 /* AppDelegate.swift */; };
		F24337A727CC4DF1005E72A5 /* SceneDelegate.swift in Sources */ = {isa = PBXBuildFile; fileRef = F24337A627CC4DF1005E72A5 /* SceneDelegate.swift */; };
		F24337A927CC4DF1005E72A5 /* ViewController.swift in Sources */ = {isa = PBXBuildFile; fileRef = F24337A827CC4DF1005E72A5 /* ViewController.swift */; };
		F24337AC27CC4DF1005E72A5 /* Main.storyboard in Resources */ = {isa = PBXBuildFile; fileRef = F24337AA27CC4DF1005E72A5 /* Main.storyboard */; };
		F24337AE27CC4DF1005E72A5 /* Assets.xcassets in Resources */ = {isa = PBXBuildFile; fileRef = F24337AD27CC4DF1005E72A5 /* Assets.xcassets */; };
		F24337B127CC4DF1005E72A5 /* LaunchScreen.storyboard in Resources */ = {isa = PBXBuildFile; fileRef = F24337AF27CC4DF1005E72A5 /* LaunchScreen.storyboard */; };
		F24337B927CC4E2F005E72A5 /* K.swift in Sources */ = {isa = PBXBuildFile; fileRef = F24337B827CC4E2F005E72A5 /* K.swift */; };
		F24337C027CC60B8005E72A5 /* Game.swift in Sources */ = {isa = PBXBuildFile; fileRef = F24337BF27CC60B8005E72A5 /* Game.swift */; };
		F2DD0BFD27CF0C00003E4D21 /* tableViewController.swift in Sources */ = {isa = PBXBuildFile; fileRef = F2DD0BFC27CF0C00003E4D21 /* tableViewController.swift */; };
		F2DD0BFF27CF170A003E4D21 /* guessTableViewCell.swift in Sources */ = {isa = PBXBuildFile; fileRef = F2DD0BFE27CF170A003E4D21 /* guessTableViewCell.swift */; };
		F2FEE03127CC8CA5003BAB28 /* Handy.swift in Sources */ = {isa = PBXBuildFile; fileRef = F2FEE03027CC8CA5003BAB28 /* Handy.swift */; };
		F2FEE03327CC8F38003BAB28 /* StringHelper.swift in Sources */ = {isa = PBXBuildFile; fileRef = F2FEE03227CC8F38003BAB28 /* StringHelper.swift */; };
		F2FEE03827CCE20C003BAB28 /* WordCell.swift in Sources */ = {isa = PBXBuildFile; fileRef = F2FEE03727CCE20C003BAB28 /* WordCell.swift */; };
/* End PBXBuildFile section */

/* Begin PBXFileReference section */
		F24337A127CC4DF1005E72A5 /* curdle.app */ = {isa = PBXFileReference; explicitFileType = wrapper.application; includeInIndex = 0; path = curdle.app; sourceTree = BUILT_PRODUCTS_DIR; };
		F24337A427CC4DF1005E72A5 /* AppDelegate.swift */ = {isa = PBXFileReference; lastKnownFileType = sourcecode.swift; path = AppDelegate.swift; sourceTree = "<group>"; };
		F24337A627CC4DF1005E72A5 /* SceneDelegate.swift */ = {isa = PBXFileReference; lastKnownFileType = sourcecode.swift; path = SceneDelegate.swift; sourceTree = "<group>"; };
		F24337A827CC4DF1005E72A5 /* ViewController.swift */ = {isa = PBXFileReference; lastKnownFileType = sourcecode.swift; path = ViewController.swift; sourceTree = "<group>"; };
		F24337AB27CC4DF1005E72A5 /* Base */ = {isa = PBXFileReference; lastKnownFileType = file.storyboard; name = Base; path = Base.lproj/Main.storyboard; sourceTree = "<group>"; };
		F24337AD27CC4DF1005E72A5 /* Assets.xcassets */ = {isa = PBXFileReference; lastKnownFileType = folder.assetcatalog; path = Assets.xcassets; sourceTree = "<group>"; };
		F24337B027CC4DF1005E72A5 /* Base */ = {isa = PBXFileReference; lastKnownFileType = file.storyboard; name = Base; path = Base.lproj/LaunchScreen.storyboard; sourceTree = "<group>"; };
		F24337B227CC4DF1005E72A5 /* Info.plist */ = {isa = PBXFileReference; lastKnownFileType = text.plist.xml; path = Info.plist; sourceTree = "<group>"; };
		F24337B827CC4E2F005E72A5 /* K.swift */ = {isa = PBXFileReference; lastKnownFileType = sourcecode.swift; path = K.swift; sourceTree = "<group>"; };
		F24337BF27CC60B8005E72A5 /* Game.swift */ = {isa = PBXFileReference; lastKnownFileType = sourcecode.swift; path = Game.swift; sourceTree = "<group>"; };
		F2DD0BFC27CF0C00003E4D21 /* tableViewController.swift */ = {isa = PBXFileReference; lastKnownFileType = sourcecode.swift; path = tableViewController.swift; sourceTree = "<group>"; };
		F2DD0BFE27CF170A003E4D21 /* guessTableViewCell.swift */ = {isa = PBXFileReference; lastKnownFileType = sourcecode.swift; path = guessTableViewCell.swift; sourceTree = "<group>"; };
		F2FEE03027CC8CA5003BAB28 /* Handy.swift */ = {isa = PBXFileReference; lastKnownFileType = sourcecode.swift; path = Handy.swift; sourceTree = "<group>"; };
		F2FEE03227CC8F38003BAB28 /* StringHelper.swift */ = {isa = PBXFileReference; lastKnownFileType = sourcecode.swift; path = StringHelper.swift; sourceTree = "<group>"; };
		F2FEE03727CCE20C003BAB28 /* WordCell.swift */ = {isa = PBXFileReference; lastKnownFileType = sourcecode.swift; path = WordCell.swift; sourceTree = "<group>"; };
/* End PBXFileReference section */

/* Begin PBXFrameworksBuildPhase section */
		F243379E27CC4DF1005E72A5 /* Frameworks */ = {
			isa = PBXFrameworksBuildPhase;
			buildActionMask = 2147483647;
			files = (
			);
			runOnlyForDeploymentPostprocessing = 0;
		};
/* End PBXFrameworksBuildPhase section */

/* Begin PBXGroup section */
		F243379827CC4DF1005E72A5 = {
			isa = PBXGroup;
			children = (
				F24337A327CC4DF1005E72A5 /* curdle */,
				F24337A227CC4DF1005E72A5 /* Products */,
			);
			sourceTree = "<group>";
		};
		F24337A227CC4DF1005E72A5 /* Products */ = {
			isa = PBXGroup;
			children = (
				F24337A127CC4DF1005E72A5 /* curdle.app */,
			);
			name = Products;
			sourceTree = "<group>";
		};
		F24337A327CC4DF1005E72A5 /* curdle */ = {
			isa = PBXGroup;
			children = (
				F2FEE03727CCE20C003BAB28 /* WordCell.swift */,
				F2FEE03427CC938C003BAB28 /* Helpers */,
				F24337A427CC4DF1005E72A5 /* AppDelegate.swift */,
				F24337A627CC4DF1005E72A5 /* SceneDelegate.swift */,
				F24337A827CC4DF1005E72A5 /* ViewController.swift */,
				F24337BA27CC4E48005E72A5 /* Model */,
				F24337AA27CC4DF1005E72A5 /* Main.storyboard */,
				F24337AD27CC4DF1005E72A5 /* Assets.xcassets */,
				F24337AF27CC4DF1005E72A5 /* LaunchScreen.storyboard */,
				F24337B227CC4DF1005E72A5 /* Info.plist */,
				F2DD0BFC27CF0C00003E4D21 /* tableViewController.swift */,
				F2DD0BFE27CF170A003E4D21 /* guessTableViewCell.swift */,
			);
			path = curdle;
			sourceTree = "<group>";
		};
		F24337BA27CC4E48005E72A5 /* Model */ = {
			isa = PBXGroup;
			children = (
				F24337B827CC4E2F005E72A5 /* K.swift */,
				F24337BF27CC60B8005E72A5 /* Game.swift */,
			);
			path = Model;
			sourceTree = "<group>";
		};
		F2FEE03427CC938C003BAB28 /* Helpers */ = {
			isa = PBXGroup;
			children = (
				F2FEE03227CC8F38003BAB28 /* StringHelper.swift */,
				F2FEE03027CC8CA5003BAB28 /* Handy.swift */,
			);
			path = Helpers;
			sourceTree = "<group>";
		};
/* End PBXGroup section */

/* Begin PBXNativeTarget section */
		F24337A027CC4DF1005E72A5 /* curdle */ = {
			isa = PBXNativeTarget;
			buildConfigurationList = F24337B527CC4DF1005E72A5 /* Build configuration list for PBXNativeTarget "curdle" */;
			buildPhases = (
				F243379D27CC4DF1005E72A5 /* Sources */,
				F243379E27CC4DF1005E72A5 /* Frameworks */,
				F243379F27CC4DF1005E72A5 /* Resources */,
			);
			buildRules = (
			);
			dependencies = (
			);
			name = curdle;
			productName = curdle;
			productReference = F24337A127CC4DF1005E72A5 /* curdle.app */;
			productType = "com.apple.product-type.application";
		};
/* End PBXNativeTarget section */

/* Begin PBXProject section */
		F243379927CC4DF1005E72A5 /* Project object */ = {
			isa = PBXProject;
			attributes = {
				BuildIndependentTargetsInParallel = 1;
				LastSwiftUpdateCheck = 1320;
				LastUpgradeCheck = 1320;
				TargetAttributes = {
					F24337A027CC4DF1005E72A5 = {
						CreatedOnToolsVersion = 13.2.1;
					};
				};
			};
			buildConfigurationList = F243379C27CC4DF1005E72A5 /* Build configuration list for PBXProject "curdle" */;
			compatibilityVersion = "Xcode 13.0";
			developmentRegion = en;
			hasScannedForEncodings = 0;
			knownRegions = (
				en,
				Base,
			);
			mainGroup = F243379827CC4DF1005E72A5;
			productRefGroup = F24337A227CC4DF1005E72A5 /* Products */;
			projectDirPath = "";
			projectRoot = "";
			targets = (
				F24337A027CC4DF1005E72A5 /* curdle */,
			);
		};
/* End PBXProject section */

/* Begin PBXResourcesBuildPhase section */
		F243379F27CC4DF1005E72A5 /* Resources */ = {
			isa = PBXResourcesBuildPhase;
			buildActionMask = 2147483647;
			files = (
				F24337B127CC4DF1005E72A5 /* LaunchScreen.storyboard in Resources */,
				F24337AE27CC4DF1005E72A5 /* Assets.xcassets in Resources */,
				F24337AC27CC4DF1005E72A5 /* Main.storyboard in Resources */,
			);
			runOnlyForDeploymentPostprocessing = 0;
		};
/* End PBXResourcesBuildPhase section */

/* Begin PBXSourcesBuildPhase section */
		F243379D27CC4DF1005E72A5 /* Sources */ = {
			isa = PBXSourcesBuildPhase;
			buildActionMask = 2147483647;
			files = (
				F24337A927CC4DF1005E72A5 /* ViewController.swift in Sources */,
				F2DD0BFF27CF170A003E4D21 /* guessTableViewCell.swift in Sources */,
				F24337C027CC60B8005E72A5 /* Game.swift in Sources */,
				F24337B927CC4E2F005E72A5 /* K.swift in Sources */,
				F24337A527CC4DF1005E72A5 /* AppDelegate.swift in Sources */,
				F2FEE03327CC8F38003BAB28 /* StringHelper.swift in Sources */,
				F2FEE03827CCE20C003BAB28 /* WordCell.swift in Sources */,
				F2DD0BFD27CF0C00003E4D21 /* tableViewController.swift in Sources */,
				F2FEE03127CC8CA5003BAB28 /* Handy.swift in Sources */,
				F24337A727CC4DF1005E72A5 /* SceneDelegate.swift in Sources */,
			);
			runOnlyForDeploymentPostprocessing = 0;
		};
/* End PBXSourcesBuildPhase section */

/* Begin PBXVariantGroup section */
		F24337AA27CC4DF1005E72A5 /* Main.storyboard */ = {
			isa = PBXVariantGroup;
			children = (
				F24337AB27CC4DF1005E72A5 /* Base */,
			);
			name = Main.storyboard;
			sourceTree = "<group>";
		};
		F24337AF27CC4DF1005E72A5 /* LaunchScreen.storyboard */ = {
			isa = PBXVariantGroup;
			children = (
				F24337B027CC4DF1005E72A5 /* Base */,
			);
			name = LaunchScreen.storyboard;
			sourceTree = "<group>";
		};
/* End PBXVariantGroup section */

/* Begin XCBuildConfiguration section */
		F24337B327CC4DF1005E72A5 /* Debug */ = {
			isa = XCBuildConfiguration;
			buildSettings = {
				ALWAYS_SEARCH_USER_PATHS = NO;
				CLANG_ANALYZER_NONNULL = YES;
				CLANG_ANALYZER_NUMBER_OBJECT_CONVERSION = YES_AGGRESSIVE;
				CLANG_CXX_LANGUAGE_STANDARD = "gnu++17";
				CLANG_CXX_LIBRARY = "libc++";
				CLANG_ENABLE_MODULES = YES;
				CLANG_ENABLE_OBJC_ARC = YES;
				CLANG_ENABLE_OBJC_WEAK = YES;
				CLANG_WARN_BLOCK_CAPTURE_AUTORELEASING = YES;
				CLANG_WARN_BOOL_CONVERSION = YES;
				CLANG_WARN_COMMA = YES;
				CLANG_WARN_CONSTANT_CONVERSION = YES;
				CLANG_WARN_DEPRECATED_OBJC_IMPLEMENTATIONS = YES;
				CLANG_WARN_DIRECT_OBJC_ISA_USAGE = YES_ERROR;
				CLANG_WARN_DOCUMENTATION_COMMENTS = YES;
				CLANG_WARN_EMPTY_BODY = YES;
				CLANG_WARN_ENUM_CONVERSION = YES;
				CLANG_WARN_INFINITE_RECURSION = YES;
				CLANG_WARN_INT_CONVERSION = YES;
				CLANG_WARN_NON_LITERAL_NULL_CONVERSION = YES;
				CLANG_WARN_OBJC_IMPLICIT_RETAIN_SELF = YES;
				CLANG_WARN_OBJC_LITERAL_CONVERSION = YES;
				CLANG_WARN_OBJC_ROOT_CLASS = YES_ERROR;
				CLANG_WARN_QUOTED_INCLUDE_IN_FRAMEWORK_HEADER = YES;
				CLANG_WARN_RANGE_LOOP_ANALYSIS = YES;
				CLANG_WARN_STRICT_PROTOTYPES = YES;
				CLANG_WARN_SUSPICIOUS_MOVE = YES;
				CLANG_WARN_UNGUARDED_AVAILABILITY = YES_AGGRESSIVE;
				CLANG_WARN_UNREACHABLE_CODE = YES;
				CLANG_WARN__DUPLICATE_METHOD_MATCH = YES;
				COPY_PHASE_STRIP = NO;
				DEBUG_INFORMATION_FORMAT = dwarf;
				ENABLE_STRICT_OBJC_MSGSEND = YES;
				ENABLE_TESTABILITY = YES;
				GCC_C_LANGUAGE_STANDARD = gnu11;
				GCC_DYNAMIC_NO_PIC = NO;
				GCC_NO_COMMON_BLOCKS = YES;
				GCC_OPTIMIZATION_LEVEL = 0;
				GCC_PREPROCESSOR_DEFINITIONS = (
					"DEBUG=1",
					"$(inherited)",
				);
				GCC_WARN_64_TO_32_BIT_CONVERSION = YES;
				GCC_WARN_ABOUT_RETURN_TYPE = YES_ERROR;
				GCC_WARN_UNDECLARED_SELECTOR = YES;
				GCC_WARN_UNINITIALIZED_AUTOS = YES_AGGRESSIVE;
				GCC_WARN_UNUSED_FUNCTION = YES;
				GCC_WARN_UNUSED_VARIABLE = YES;
				IPHONEOS_DEPLOYMENT_TARGET = 15.2;
				MTL_ENABLE_DEBUG_INFO = INCLUDE_SOURCE;
				MTL_FAST_MATH = YES;
				ONLY_ACTIVE_ARCH = YES;
				SDKROOT = iphoneos;
				SWIFT_ACTIVE_COMPILATION_CONDITIONS = DEBUG;
				SWIFT_OPTIMIZATION_LEVEL = "-Onone";
			};
			name = Debug;
		};
		F24337B427CC4DF1005E72A5 /* Release */ = {
			isa = XCBuildConfiguration;
			buildSettings = {
				ALWAYS_SEARCH_USER_PATHS = NO;
				CLANG_ANALYZER_NONNULL = YES;
				CLANG_ANALYZER_NUMBER_OBJECT_CONVERSION = YES_AGGRESSIVE;
				CLANG_CXX_LANGUAGE_STANDARD = "gnu++17";
				CLANG_CXX_LIBRARY = "libc++";
				CLANG_ENABLE_MODULES = YES;
				CLANG_ENABLE_OBJC_ARC = YES;
				CLANG_ENABLE_OBJC_WEAK = YES;
				CLANG_WARN_BLOCK_CAPTURE_AUTORELEASING = YES;
				CLANG_WARN_BOOL_CONVERSION = YES;
				CLANG_WARN_COMMA = YES;
				CLANG_WARN_CONSTANT_CONVERSION = YES;
				CLANG_WARN_DEPRECATED_OBJC_IMPLEMENTATIONS = YES;
				CLANG_WARN_DIRECT_OBJC_ISA_USAGE = YES_ERROR;
				CLANG_WARN_DOCUMENTATION_COMMENTS = YES;
				CLANG_WARN_EMPTY_BODY = YES;
				CLANG_WARN_ENUM_CONVERSION = YES;
				CLANG_WARN_INFINITE_RECURSION = YES;
				CLANG_WARN_INT_CONVERSION = YES;
				CLANG_WARN_NON_LITERAL_NULL_CONVERSION = YES;
				CLANG_WARN_OBJC_IMPLICIT_RETAIN_SELF = YES;
				CLANG_WARN_OBJC_LITERAL_CONVERSION = YES;
				CLANG_WARN_OBJC_ROOT_CLASS = YES_ERROR;
				CLANG_WARN_QUOTED_INCLUDE_IN_FRAMEWORK_HEADER = YES;
				CLANG_WARN_RANGE_LOOP_ANALYSIS = YES;
				CLANG_WARN_STRICT_PROTOTYPES = YES;
				CLANG_WARN_SUSPICIOUS_MOVE = YES;
				CLANG_WARN_UNGUARDED_AVAILABILITY = YES_AGGRESSIVE;
				CLANG_WARN_UNREACHABLE_CODE = YES;
				CLANG_WARN__DUPLICATE_METHOD_MATCH = YES;
				COPY_PHASE_STRIP = NO;
				DEBUG_INFORMATION_FORMAT = "dwarf-with-dsym";
				ENABLE_NS_ASSERTIONS = NO;
				ENABLE_STRICT_OBJC_MSGSEND = YES;
				GCC_C_LANGUAGE_STANDARD = gnu11;
				GCC_NO_COMMON_BLOCKS = YES;
				GCC_WARN_64_TO_32_BIT_CONVERSION = YES;
				GCC_WARN_ABOUT_RETURN_TYPE = YES_ERROR;
				GCC_WARN_UNDECLARED_SELECTOR = YES;
				GCC_WARN_UNINITIALIZED_AUTOS = YES_AGGRESSIVE;
				GCC_WARN_UNUSED_FUNCTION = YES;
				GCC_WARN_UNUSED_VARIABLE = YES;
				IPHONEOS_DEPLOYMENT_TARGET = 15.2;
				MTL_ENABLE_DEBUG_INFO = NO;
				MTL_FAST_MATH = YES;
				SDKROOT = iphoneos;
				SWIFT_COMPILATION_MODE = wholemodule;
				SWIFT_OPTIMIZATION_LEVEL = "-O";
				VALIDATE_PRODUCT = YES;
			};
			name = Release;
		};
		F24337B627CC4DF1005E72A5 /* Debug */ = {
			isa = XCBuildConfiguration;
			buildSettings = {
				ASSETCATALOG_COMPILER_APPICON_NAME = AppIcon;
				ASSETCATALOG_COMPILER_GLOBAL_ACCENT_COLOR_NAME = AccentColor;
				CODE_SIGN_STYLE = Automatic;
				CURRENT_PROJECT_VERSION = 1;
				DEVELOPMENT_TEAM = QWMG9ABUKA;
				GENERATE_INFOPLIST_FILE = YES;
				INFOPLIST_FILE = curdle/Info.plist;
				INFOPLIST_KEY_UIApplicationSupportsIndirectInputEvents = YES;
				INFOPLIST_KEY_UILaunchStoryboardName = LaunchScreen;
				INFOPLIST_KEY_UIMainStoryboardFile = Main;
				INFOPLIST_KEY_UISupportedInterfaceOrientations_iPad = "UIInterfaceOrientationPortrait UIInterfaceOrientationPortraitUpsideDown UIInterfaceOrientationLandscapeLeft UIInterfaceOrientationLandscapeRight";
				INFOPLIST_KEY_UISupportedInterfaceOrientations_iPhone = "UIInterfaceOrientationPortrait UIInterfaceOrientationLandscapeLeft UIInterfaceOrientationLandscapeRight";
				LD_RUNPATH_SEARCH_PATHS = (
					"$(inherited)",
					"@executable_path/Frameworks",
				);
				MARKETING_VERSION = 1.0;
				PRODUCT_BUNDLE_IDENTIFIER = com.digitalamrit.curdle;
				PRODUCT_NAME = "$(TARGET_NAME)";
				SWIFT_EMIT_LOC_STRINGS = YES;
				SWIFT_VERSION = 5.0;
				TARGETED_DEVICE_FAMILY = "1,2";
			};
			name = Debug;
		};
		F24337B727CC4DF1005E72A5 /* Release */ = {
			isa = XCBuildConfiguration;
			buildSettings = {
				ASSETCATALOG_COMPILER_APPICON_NAME = AppIcon;
				ASSETCATALOG_COMPILER_GLOBAL_ACCENT_COLOR_NAME = AccentColor;
				CODE_SIGN_STYLE = Automatic;
				CURRENT_PROJECT_VERSION = 1;
				DEVELOPMENT_TEAM = QWMG9ABUKA;
				GENERATE_INFOPLIST_FILE = YES;
				INFOPLIST_FILE = curdle/Info.plist;
				INFOPLIST_KEY_UIApplicationSupportsIndirectInputEvents = YES;
				INFOPLIST_KEY_UILaunchStoryboardName = LaunchScreen;
				INFOPLIST_KEY_UIMainStoryboardFile = Main;
				INFOPLIST_KEY_UISupportedInterfaceOrientations_iPad = "UIInterfaceOrientationPortrait UIInterfaceOrientationPortraitUpsideDown UIInterfaceOrientationLandscapeLeft UIInterfaceOrientationLandscapeRight";
				INFOPLIST_KEY_UISupportedInterfaceOrientations_iPhone = "UIInterfaceOrientationPortrait UIInterfaceOrientationLandscapeLeft UIInterfaceOrientationLandscapeRight";
				LD_RUNPATH_SEARCH_PATHS = (
					"$(inherited)",
					"@executable_path/Frameworks",
				);
				MARKETING_VERSION = 1.0;
				PRODUCT_BUNDLE_IDENTIFIER = com.digitalamrit.curdle;
				PRODUCT_NAME = "$(TARGET_NAME)";
				SWIFT_EMIT_LOC_STRINGS = YES;
				SWIFT_VERSION = 5.0;
				TARGETED_DEVICE_FAMILY = "1,2";
			};
			name = Release;
		};
/* End XCBuildConfiguration section */

/* Begin XCConfigurationList section */
		F243379C27CC4DF1005E72A5 /* Build configuration list for PBXProject "curdle" */ = {
			isa = XCConfigurationList;
			buildConfigurations = (
				F24337B327CC4DF1005E72A5 /* Debug */,
				F24337B427CC4DF1005E72A5 /* Release */,
			);
			defaultConfigurationIsVisible = 0;
			defaultConfigurationName = Release;
		};
		F24337B527CC4DF1005E72A5 /* Build configuration list for PBXNativeTarget "curdle" */ = {
			isa = XCConfigurationList;
			buildConfigurations = (
				F24337B627CC4DF1005E72A5 /* Debug */,
				F24337B727CC4DF1005E72A5 /* Release */,
			);
			defaultConfigurationIsVisible = 0;
			defaultConfigurationName = Release;
		};
/* End XCConfigurationList section */
	};
	rootObject = F243379927CC4DF1005E72A5 /* Project object */;
}
